{
  "name": "browser_vs_node2",
  "version": "1.0.0",
  "lockfileVersion": 3,
  "requires": true,
  "packages": {
    "": {
      "name": "browser_vs_node2",
      "version": "1.0.0",
      "license": "ISC",
      "dependencies": {
        "@legata/browser_vs_node": "^1.0.0"
      }
    },
    "node_modules/@legata/browser_vs_node": {
      "version": "1.0.0",
      "resolved": "https://npm.pkg.github.com/download/@legata/browser_vs_node/1.0.0/a8b8f8e2ce387493dc19fce0fbb8337999fd80d2",
      "integrity": "sha512-vnu3otj3cQnDksvA3sDXuqALD8hBMs3Vr5E/6J7Wp6i965OATAC1bxgAuycWicthWlpxX9Bu7hcscT9a6sGQ5Q==",
      "license": "ISC"
    }
  }
}
